
Microsoft Visual Studio Solution File, Format Version 12.00
# Visual Studio Version 16
VisualStudioVersion = 16.0.29324.140
MinimumVisualStudioVersion = 10.0.40219.1
Project("{FAE04EC0-301F-11D3-BF4B-00C04F79EFBC}") = "TitlesDatabaseProject", "TitlesDatabaseProject\TitlesDatabaseProject.csproj", "{233D52C9-CF46-43B8-A954-D3E9BCBB33F8}"
EndProject
Global
	GlobalSection(SolutionConfigurationPlatforms) = preSolution
		Debug|Any CPU = Debug|Any CPU
		Release|Any CPU = Release|Any CPU
	EndGlobalSection
	GlobalSection(ProjectConfigurationPlatforms) = postSolution
		{233D52C9-CF46-43B8-A954-D3E9BCBB33F8}.Debug|Any CPU.ActiveCfg = Debug|Any CPU
		{233D52C9-CF46-43B8-A954-D3E9BCBB33F8}.Debug|Any CPU.Build.0 = Debug|Any CPU
		{233D52C9-CF46-43B8-A954-D3E9BCBB33F8}.Release|Any CPU.ActiveCfg = Release|Any CPU
		{233D52C9-CF46-43B8-A954-D3E9BCBB33F8}.Release|Any CPU.Build.0 = Release|Any CPU
	EndGlobalSection
	GlobalSection(SolutionProperties) = preSolution
		HideSolutionNode = FALSE
	EndGlobalSection
	GlobalSection(ExtensibilityGlobals) = postSolution
		SolutionGuid = {B4CC6536-E311-4770-ABA3-3D9225527B90}
	EndGlobalSection
EndGlobal
